
Microsoft Visual Studio Solution File, Format Version 12.00
# Visual Studio Version 17
VisualStudioVersion = 17.5.002.0
MinimumVisualStudioVersion = 10.0.40219.1
Project("{9A19103F-16F7-4668-BE54-9A1E7A4F7556}") = "LancarDados", "LancarDados.csproj", "{ABC37464-F061-4E3B-B514-104D1D1BB063}"
EndProject
Global
	GlobalSection(SolutionConfigurationPlatforms) = preSolution
		Debug|Any CPU = Debug|Any CPU
		Release|Any CPU = Release|Any CPU
	EndGlobalSection
	GlobalSection(ProjectConfigurationPlatforms) = postSolution
		{ABC37464-F061-4E3B-B514-104D1D1BB063}.Debug|Any CPU.ActiveCfg = Debug|Any CPU
		{ABC37464-F061-4E3B-B514-104D1D1BB063}.Debug|Any CPU.Build.0 = Debug|Any CPU
		{ABC37464-F061-4E3B-B514-104D1D1BB063}.Release|Any CPU.ActiveCfg = Release|Any CPU
		{ABC37464-F061-4E3B-B514-104D1D1BB063}.Release|Any CPU.Build.0 = Release|Any CPU
	EndGlobalSection
	GlobalSection(SolutionProperties) = preSolution
		HideSolutionNode = FALSE
	EndGlobalSection
	GlobalSection(ExtensibilityGlobals) = postSolution
		SolutionGuid = {40EA3F79-7FF6-4F3A-9B4E-5318D7180C83}
	EndGlobalSection
EndGlobal
